// !$*UTF8*$!
{
	archiveVersion = 1;
	classes = {
	};
	objectVersion = 52;
	objects = {

/* Begin PBXBuildFile section */
		A605BB9428DC3E58006C887B /* GoogleService-Info.plist in Resources */ = {isa = PBXBuildFile; fileRef = A605BB9328DC3E58006C887B /* GoogleService-Info.plist */; };
		A60B828F28C7106A00BE1C28 /* SuccessRegisterViewController.swift in Sources */ = {isa = PBXBuildFile; fileRef = A60B828E28C7106A00BE1C28 /* SuccessRegisterViewController.swift */; };
		A60B829228CFE9CE00BE1C28 /* CommentariesViewController.swift in Sources */ = {isa = PBXBuildFile; fileRef = A60B829128CFE9CE00BE1C28 /* CommentariesViewController.swift */; };
		A60B829528D0589A00BE1C28 /* Commentary.swift in Sources */ = {isa = PBXBuildFile; fileRef = A60B829428D0589A00BE1C28 /* Commentary.swift */; };
		A60B829828D058AC00BE1C28 /* CommentaryService.swift in Sources */ = {isa = PBXBuildFile; fileRef = A60B829728D058AC00BE1C28 /* CommentaryService.swift */; };
		A62146F128C6825200CE36A2 /* LogInViewController.swift in Sources */ = {isa = PBXBuildFile; fileRef = A62146F028C6825200CE36A2 /* LogInViewController.swift */; };
		A62146F428C68F2D00CE36A2 /* MainPageViewController.swift in Sources */ = {isa = PBXBuildFile; fileRef = A62146F328C68F2D00CE36A2 /* MainPageViewController.swift */; };
		A694519528FF7EC9009A0773 /* User.swift in Sources */ = {isa = PBXBuildFile; fileRef = A694519428FF7EC9009A0773 /* User.swift */; };
		A6F596FC28DC79D600BAE20E /* FirebaseAppDistribution-Beta in Frameworks */ = {isa = PBXBuildFile; productRef = A6F596FB28DC79D600BAE20E /* FirebaseAppDistribution-Beta */; };
		A6F596FE28DC79D600BAE20E /* FirebaseInAppMessaging-Beta in Frameworks */ = {isa = PBXBuildFile; productRef = A6F596FD28DC79D600BAE20E /* FirebaseInAppMessaging-Beta */; };
		A6F5970028DC79D600BAE20E /* FirebaseAnalyticsWithoutAdIdSupport in Frameworks */ = {isa = PBXBuildFile; productRef = A6F596FF28DC79D600BAE20E /* FirebaseAnalyticsWithoutAdIdSupport */; };
		A6F5970228DC79D600BAE20E /* FirebaseRemoteConfigSwift in Frameworks */ = {isa = PBXBuildFile; productRef = A6F5970128DC79D600BAE20E /* FirebaseRemoteConfigSwift */; };
		A6F5970428DC79D600BAE20E /* FirebaseAnalyticsSwift in Frameworks */ = {isa = PBXBuildFile; productRef = A6F5970328DC79D600BAE20E /* FirebaseAnalyticsSwift */; };
		A6F5970628DC79D600BAE20E /* FirebaseFirestore in Frameworks */ = {isa = PBXBuildFile; productRef = A6F5970528DC79D600BAE20E /* FirebaseFirestore */; };
		A6F5970828DC79D600BAE20E /* FirebaseAuthCombine-Community in Frameworks */ = {isa = PBXBuildFile; productRef = A6F5970728DC79D600BAE20E /* FirebaseAuthCombine-Community */; };
		A6F5970A28DC79D600BAE20E /* FirebaseInstallations in Frameworks */ = {isa = PBXBuildFile; productRef = A6F5970928DC79D600BAE20E /* FirebaseInstallations */; };
		A6F5970C28DC79D600BAE20E /* FirebaseDatabaseSwift in Frameworks */ = {isa = PBXBuildFile; productRef = A6F5970B28DC79D600BAE20E /* FirebaseDatabaseSwift */; };
		A6F5970E28DC79D600BAE20E /* FirebaseAnalyticsOnDeviceConversion in Frameworks */ = {isa = PBXBuildFile; productRef = A6F5970D28DC79D600BAE20E /* FirebaseAnalyticsOnDeviceConversion */; };
		A6F5971028DC79D600BAE20E /* FirebaseFunctionsCombine-Community in Frameworks */ = {isa = PBXBuildFile; productRef = A6F5970F28DC79D600BAE20E /* FirebaseFunctionsCombine-Community */; };
		A6F5971228DC79D600BAE20E /* FirebaseDatabase in Frameworks */ = {isa = PBXBuildFile; productRef = A6F5971128DC79D600BAE20E /* FirebaseDatabase */; };
		A6F5971628DC79D600BAE20E /* FirebasePerformance in Frameworks */ = {isa = PBXBuildFile; productRef = A6F5971528DC79D600BAE20E /* FirebasePerformance */; };
		A6F5971828DC79D600BAE20E /* FirebaseRemoteConfig in Frameworks */ = {isa = PBXBuildFile; productRef = A6F5971728DC79D600BAE20E /* FirebaseRemoteConfig */; };
		A6F5971A28DC79D600BAE20E /* FirebaseAppCheck in Frameworks */ = {isa = PBXBuildFile; productRef = A6F5971928DC79D600BAE20E /* FirebaseAppCheck */; };
		A6F5971C28DC79D600BAE20E /* FirebaseFirestoreSwift in Frameworks */ = {isa = PBXBuildFile; productRef = A6F5971B28DC79D600BAE20E /* FirebaseFirestoreSwift */; };
		A6F5971E28DC79D600BAE20E /* FirebaseAuth in Frameworks */ = {isa = PBXBuildFile; productRef = A6F5971D28DC79D600BAE20E /* FirebaseAuth */; };
		A6F5972028DC79D600BAE20E /* FirebaseInAppMessagingSwift-Beta in Frameworks */ = {isa = PBXBuildFile; productRef = A6F5971F28DC79D600BAE20E /* FirebaseInAppMessagingSwift-Beta */; };
		A6F5972228DC79D600BAE20E /* FirebaseStorageCombine-Community in Frameworks */ = {isa = PBXBuildFile; productRef = A6F5972128DC79D600BAE20E /* FirebaseStorageCombine-Community */; };
		A6F5972428DC79D600BAE20E /* FirebaseMLModelDownloader in Frameworks */ = {isa = PBXBuildFile; productRef = A6F5972328DC79D600BAE20E /* FirebaseMLModelDownloader */; };
		A6F5972628DC79D600BAE20E /* FirebaseCrashlytics in Frameworks */ = {isa = PBXBuildFile; productRef = A6F5972528DC79D600BAE20E /* FirebaseCrashlytics */; };
		A6F5972828DC79D600BAE20E /* FirebaseMessaging in Frameworks */ = {isa = PBXBuildFile; productRef = A6F5972728DC79D600BAE20E /* FirebaseMessaging */; };
		A6F5972A28DC79D600BAE20E /* FirebaseStorage in Frameworks */ = {isa = PBXBuildFile; productRef = A6F5972928DC79D600BAE20E /* FirebaseStorage */; };
		A6F5972C28DC79D600BAE20E /* FirebaseDynamicLinks in Frameworks */ = {isa = PBXBuildFile; productRef = A6F5972B28DC79D600BAE20E /* FirebaseDynamicLinks */; };
		A6F5972E28DC79D600BAE20E /* FirebaseFunctions in Frameworks */ = {isa = PBXBuildFile; productRef = A6F5972D28DC79D600BAE20E /* FirebaseFunctions */; };
		A6F5973028DC79D600BAE20E /* FirebaseFirestoreCombine-Community in Frameworks */ = {isa = PBXBuildFile; productRef = A6F5972F28DC79D600BAE20E /* FirebaseFirestoreCombine-Community */; };
		CBF6701223A4DC9F00B0F2A2 /* AppDelegate.swift in Sources */ = {isa = PBXBuildFile; fileRef = CBF6701123A4DC9F00B0F2A2 /* AppDelegate.swift */; };
		CBF6701423A4DC9F00B0F2A2 /* SceneDelegate.swift in Sources */ = {isa = PBXBuildFile; fileRef = CBF6701323A4DC9F00B0F2A2 /* SceneDelegate.swift */; };
		CBF6701623A4DC9F00B0F2A2 /* SignUpViewController.swift in Sources */ = {isa = PBXBuildFile; fileRef = CBF6701523A4DC9F00B0F2A2 /* SignUpViewController.swift */; };
		CBF6701923A4DC9F00B0F2A2 /* Main.storyboard in Resources */ = {isa = PBXBuildFile; fileRef = CBF6701723A4DC9F00B0F2A2 /* Main.storyboard */; };
		CBF6701B23A4DCA800B0F2A2 /* Assets.xcassets in Resources */ = {isa = PBXBuildFile; fileRef = CBF6701A23A4DCA800B0F2A2 /* Assets.xcassets */; };
		CBF6701E23A4DCA800B0F2A2 /* LaunchScreen.storyboard in Resources */ = {isa = PBXBuildFile; fileRef = CBF6701C23A4DCA800B0F2A2 /* LaunchScreen.storyboard */; };
/* End PBXBuildFile section */

/* Begin PBXFileReference section */
		A605BB9328DC3E58006C887B /* GoogleService-Info.plist */ = {isa = PBXFileReference; fileEncoding = 4; lastKnownFileType = text.plist.xml; path = "GoogleService-Info.plist"; sourceTree = "<group>"; };
		A60B828E28C7106A00BE1C28 /* SuccessRegisterViewController.swift */ = {isa = PBXFileReference; lastKnownFileType = sourcecode.swift; path = SuccessRegisterViewController.swift; sourceTree = "<group>"; };
		A60B829128CFE9CE00BE1C28 /* CommentariesViewController.swift */ = {isa = PBXFileReference; lastKnownFileType = sourcecode.swift; path = CommentariesViewController.swift; sourceTree = "<group>"; };
		A60B829428D0589A00BE1C28 /* Commentary.swift */ = {isa = PBXFileReference; lastKnownFileType = sourcecode.swift; path = Commentary.swift; sourceTree = "<group>"; };
		A60B829728D058AC00BE1C28 /* CommentaryService.swift */ = {isa = PBXFileReference; lastKnownFileType = sourcecode.swift; path = CommentaryService.swift; sourceTree = "<group>"; };
		A62146F028C6825200CE36A2 /* LogInViewController.swift */ = {isa = PBXFileReference; lastKnownFileType = sourcecode.swift; path = LogInViewController.swift; sourceTree = "<group>"; };
		A62146F328C68F2D00CE36A2 /* MainPageViewController.swift */ = {isa = PBXFileReference; lastKnownFileType = sourcecode.swift; path = MainPageViewController.swift; sourceTree = "<group>"; };
		A694519428FF7EC9009A0773 /* User.swift */ = {isa = PBXFileReference; lastKnownFileType = sourcecode.swift; path = User.swift; sourceTree = "<group>"; };
		CBF6700E23A4DC9F00B0F2A2 /* FloProno1.0.app */ = {isa = PBXFileReference; explicitFileType = wrapper.application; includeInIndex = 0; path = FloProno1.0.app; sourceTree = BUILT_PRODUCTS_DIR; };
		CBF6701123A4DC9F00B0F2A2 /* AppDelegate.swift */ = {isa = PBXFileReference; lastKnownFileType = sourcecode.swift; path = AppDelegate.swift; sourceTree = "<group>"; };
		CBF6701323A4DC9F00B0F2A2 /* SceneDelegate.swift */ = {isa = PBXFileReference; lastKnownFileType = sourcecode.swift; path = SceneDelegate.swift; sourceTree = "<group>"; };
		CBF6701523A4DC9F00B0F2A2 /* SignUpViewController.swift */ = {isa = PBXFileReference; lastKnownFileType = sourcecode.swift; path = SignUpViewController.swift; sourceTree = "<group>"; };
		CBF6701823A4DC9F00B0F2A2 /* Base */ = {isa = PBXFileReference; lastKnownFileType = file.storyboard; name = Base; path = Base.lproj/Main.storyboard; sourceTree = "<group>"; };
		CBF6701A23A4DCA800B0F2A2 /* Assets.xcassets */ = {isa = PBXFileReference; lastKnownFileType = folder.assetcatalog; path = Assets.xcassets; sourceTree = "<group>"; };
		CBF6701D23A4DCA800B0F2A2 /* Base */ = {isa = PBXFileReference; lastKnownFileType = file.storyboard; name = Base; path = Base.lproj/LaunchScreen.storyboard; sourceTree = "<group>"; };
		CBF6701F23A4DCA800B0F2A2 /* Info.plist */ = {isa = PBXFileReference; lastKnownFileType = text.plist.xml; path = Info.plist; sourceTree = "<group>"; };
/* End PBXFileReference section */

/* Begin PBXFrameworksBuildPhase section */
		CBF6700B23A4DC9F00B0F2A2 /* Frameworks */ = {
			isa = PBXFrameworksBuildPhase;
			buildActionMask = 2147483647;
			files = (
				A6F5971A28DC79D600BAE20E /* FirebaseAppCheck in Frameworks */,
				A6F5971C28DC79D600BAE20E /* FirebaseFirestoreSwift in Frameworks */,
				A6F5972228DC79D600BAE20E /* FirebaseStorageCombine-Community in Frameworks */,
				A6F5973028DC79D600BAE20E /* FirebaseFirestoreCombine-Community in Frameworks */,
				A6F5972828DC79D600BAE20E /* FirebaseMessaging in Frameworks */,
				A6F5971628DC79D600BAE20E /* FirebasePerformance in Frameworks */,
				A6F5972A28DC79D600BAE20E /* FirebaseStorage in Frameworks */,
				A6F596FC28DC79D600BAE20E /* FirebaseAppDistribution-Beta in Frameworks */,
				A6F5972628DC79D600BAE20E /* FirebaseCrashlytics in Frameworks */,
				A6F5970228DC79D600BAE20E /* FirebaseRemoteConfigSwift in Frameworks */,
				A6F5972E28DC79D600BAE20E /* FirebaseFunctions in Frameworks */,
				A6F5972428DC79D600BAE20E /* FirebaseMLModelDownloader in Frameworks */,
				A6F5970028DC79D600BAE20E /* FirebaseAnalyticsWithoutAdIdSupport in Frameworks */,
				A6F5970C28DC79D600BAE20E /* FirebaseDatabaseSwift in Frameworks */,
				A6F5970A28DC79D600BAE20E /* FirebaseInstallations in Frameworks */,
				A6F596FE28DC79D600BAE20E /* FirebaseInAppMessaging-Beta in Frameworks */,
				A6F5971228DC79D600BAE20E /* FirebaseDatabase in Frameworks */,
				A6F5971828DC79D600BAE20E /* FirebaseRemoteConfig in Frameworks */,
				A6F5970428DC79D600BAE20E /* FirebaseAnalyticsSwift in Frameworks */,
				A6F5971E28DC79D600BAE20E /* FirebaseAuth in Frameworks */,
				A6F5972C28DC79D600BAE20E /* FirebaseDynamicLinks in Frameworks */,
				A6F5970E28DC79D600BAE20E /* FirebaseAnalyticsOnDeviceConversion in Frameworks */,
				A6F5970828DC79D600BAE20E /* FirebaseAuthCombine-Community in Frameworks */,
				A6F5972028DC79D600BAE20E /* FirebaseInAppMessagingSwift-Beta in Frameworks */,
				A6F5971028DC79D600BAE20E /* FirebaseFunctionsCombine-Community in Frameworks */,
				A6F5970628DC79D600BAE20E /* FirebaseFirestore in Frameworks */,
			);
			runOnlyForDeploymentPostprocessing = 0;
		};
/* End PBXFrameworksBuildPhase section */

/* Begin PBXGroup section */
		A6C8D76028BF9F710086BD7A /* Model */ = {
			isa = PBXGroup;
			children = (
				A60B829428D0589A00BE1C28 /* Commentary.swift */,
				A60B829728D058AC00BE1C28 /* CommentaryService.swift */,
				A694519428FF7EC9009A0773 /* User.swift */,
			);
			path = Model;
			sourceTree = "<group>";
		};
		A6C8D76128BF9F780086BD7A /* View */ = {
			isa = PBXGroup;
			children = (
				CBF6701723A4DC9F00B0F2A2 /* Main.storyboard */,
				CBF6701C23A4DCA800B0F2A2 /* LaunchScreen.storyboard */,
			);
			path = View;
			sourceTree = "<group>";
		};
		A6C8D76228BF9F810086BD7A /* Controller */ = {
			isa = PBXGroup;
			children = (
				A62146F028C6825200CE36A2 /* LogInViewController.swift */,
				CBF6701523A4DC9F00B0F2A2 /* SignUpViewController.swift */,
				A62146F328C68F2D00CE36A2 /* MainPageViewController.swift */,
				A60B828E28C7106A00BE1C28 /* SuccessRegisterViewController.swift */,
				A60B829128CFE9CE00BE1C28 /* CommentariesViewController.swift */,
			);
			path = Controller;
			sourceTree = "<group>";
		};
		A6C8D76328BF9FC20086BD7A /* SupportingFiles */ = {
			isa = PBXGroup;
			children = (
				CBF6701123A4DC9F00B0F2A2 /* AppDelegate.swift */,
				CBF6701A23A4DCA800B0F2A2 /* Assets.xcassets */,
				CBF6701323A4DC9F00B0F2A2 /* SceneDelegate.swift */,
			);
			path = SupportingFiles;
			sourceTree = "<group>";
		};
		CBF6700523A4DC9F00B0F2A2 = {
			isa = PBXGroup;
			children = (
				CBF6701023A4DC9F00B0F2A2 /* FloProno1.0 */,
				CBF6700F23A4DC9F00B0F2A2 /* Products */,
			);
			sourceTree = "<group>";
		};
		CBF6700F23A4DC9F00B0F2A2 /* Products */ = {
			isa = PBXGroup;
			children = (
				CBF6700E23A4DC9F00B0F2A2 /* FloProno1.0.app */,
			);
			name = Products;
			sourceTree = "<group>";
		};
		CBF6701023A4DC9F00B0F2A2 /* FloProno1.0 */ = {
			isa = PBXGroup;
			children = (
				A6C8D76028BF9F710086BD7A /* Model */,
				A6C8D76128BF9F780086BD7A /* View */,
				A6C8D76228BF9F810086BD7A /* Controller */,
				A6C8D76328BF9FC20086BD7A /* SupportingFiles */,
				CBF6701F23A4DCA800B0F2A2 /* Info.plist */,
				A605BB9328DC3E58006C887B /* GoogleService-Info.plist */,
			);
			path = FloProno1.0;
			sourceTree = "<group>";
		};
/* End PBXGroup section */

/* Begin PBXNativeTarget section */
		CBF6700D23A4DC9F00B0F2A2 /* FloProno1.0 */ = {
			isa = PBXNativeTarget;
			buildConfigurationList = CBF6703823A4DCA900B0F2A2 /* Build configuration list for PBXNativeTarget "FloProno1.0" */;
			buildPhases = (
				CBF6700A23A4DC9F00B0F2A2 /* Sources */,
				CBF6700B23A4DC9F00B0F2A2 /* Frameworks */,
				CBF6700C23A4DC9F00B0F2A2 /* Resources */,
			);
			buildRules = (
			);
			dependencies = (
			);
			name = FloProno1.0;
			packageProductDependencies = (
				A6F596FB28DC79D600BAE20E /* FirebaseAppDistribution-Beta */,
				A6F596FD28DC79D600BAE20E /* FirebaseInAppMessaging-Beta */,
				A6F596FF28DC79D600BAE20E /* FirebaseAnalyticsWithoutAdIdSupport */,
				A6F5970128DC79D600BAE20E /* FirebaseRemoteConfigSwift */,
				A6F5970328DC79D600BAE20E /* FirebaseAnalyticsSwift */,
				A6F5970528DC79D600BAE20E /* FirebaseFirestore */,
				A6F5970728DC79D600BAE20E /* FirebaseAuthCombine-Community */,
				A6F5970928DC79D600BAE20E /* FirebaseInstallations */,
				A6F5970B28DC79D600BAE20E /* FirebaseDatabaseSwift */,
				A6F5970D28DC79D600BAE20E /* FirebaseAnalyticsOnDeviceConversion */,
				A6F5970F28DC79D600BAE20E /* FirebaseFunctionsCombine-Community */,
				A6F5971128DC79D600BAE20E /* FirebaseDatabase */,
				A6F5971528DC79D600BAE20E /* FirebasePerformance */,
				A6F5971728DC79D600BAE20E /* FirebaseRemoteConfig */,
				A6F5971928DC79D600BAE20E /* FirebaseAppCheck */,
				A6F5971B28DC79D600BAE20E /* FirebaseFirestoreSwift */,
				A6F5971D28DC79D600BAE20E /* FirebaseAuth */,
				A6F5971F28DC79D600BAE20E /* FirebaseInAppMessagingSwift-Beta */,
				A6F5972128DC79D600BAE20E /* FirebaseStorageCombine-Community */,
				A6F5972328DC79D600BAE20E /* FirebaseMLModelDownloader */,
				A6F5972528DC79D600BAE20E /* FirebaseCrashlytics */,
				A6F5972728DC79D600BAE20E /* FirebaseMessaging */,
				A6F5972928DC79D600BAE20E /* FirebaseStorage */,
				A6F5972B28DC79D600BAE20E /* FirebaseDynamicLinks */,
				A6F5972D28DC79D600BAE20E /* FirebaseFunctions */,
				A6F5972F28DC79D600BAE20E /* FirebaseFirestoreCombine-Community */,
			);
			productName = FloProno1.0;
			productReference = CBF6700E23A4DC9F00B0F2A2 /* FloProno1.0.app */;
			productType = "com.apple.product-type.application";
		};
/* End PBXNativeTarget section */

/* Begin PBXProject section */
		CBF6700623A4DC9F00B0F2A2 /* Project object */ = {
			isa = PBXProject;
			attributes = {
				LastSwiftUpdateCheck = 1120;
				LastUpgradeCheck = 1220;
				ORGANIZATIONNAME = "Florian Peyrony";
				TargetAttributes = {
					CBF6700D23A4DC9F00B0F2A2 = {
						CreatedOnToolsVersion = 11.2.1;
					};
				};
			};
			buildConfigurationList = CBF6700923A4DC9F00B0F2A2 /* Build configuration list for PBXProject "FloProno1.0" */;
			compatibilityVersion = "Xcode 9.3";
			developmentRegion = en;
			hasScannedForEncodings = 0;
			knownRegions = (
				en,
				Base,
			);
			mainGroup = CBF6700523A4DC9F00B0F2A2;
			packageReferences = (
				A6F596FA28DC79D600BAE20E /* XCRemoteSwiftPackageReference "firebase-ios-sdk" */,
			);
			productRefGroup = CBF6700F23A4DC9F00B0F2A2 /* Products */;
			projectDirPath = "";
			projectRoot = "";
			targets = (
				CBF6700D23A4DC9F00B0F2A2 /* FloProno1.0 */,
			);
		};
/* End PBXProject section */

/* Begin PBXResourcesBuildPhase section */
		CBF6700C23A4DC9F00B0F2A2 /* Resources */ = {
			isa = PBXResourcesBuildPhase;
			buildActionMask = 2147483647;
			files = (
				CBF6701E23A4DCA800B0F2A2 /* LaunchScreen.storyboard in Resources */,
				A605BB9428DC3E58006C887B /* GoogleService-Info.plist in Resources */,
				CBF6701B23A4DCA800B0F2A2 /* Assets.xcassets in Resources */,
				CBF6701923A4DC9F00B0F2A2 /* Main.storyboard in Resources */,
			);
			runOnlyForDeploymentPostprocessing = 0;
		};
/* End PBXResourcesBuildPhase section */

/* Begin PBXSourcesBuildPhase section */
		CBF6700A23A4DC9F00B0F2A2 /* Sources */ = {
			isa = PBXSourcesBuildPhase;
			buildActionMask = 2147483647;
			files = (
				A60B829228CFE9CE00BE1C28 /* CommentariesViewController.swift in Sources */,
				A62146F428C68F2D00CE36A2 /* MainPageViewController.swift in Sources */,
				A60B829528D0589A00BE1C28 /* Commentary.swift in Sources */,
				A62146F128C6825200CE36A2 /* LogInViewController.swift in Sources */,
				CBF6701623A4DC9F00B0F2A2 /* SignUpViewController.swift in Sources */,
				A60B828F28C7106A00BE1C28 /* SuccessRegisterViewController.swift in Sources */,
				A60B829828D058AC00BE1C28 /* CommentaryService.swift in Sources */,
				CBF6701223A4DC9F00B0F2A2 /* AppDelegate.swift in Sources */,
				A694519528FF7EC9009A0773 /* User.swift in Sources */,
				CBF6701423A4DC9F00B0F2A2 /* SceneDelegate.swift in Sources */,
			);
			runOnlyForDeploymentPostprocessing = 0;
		};
/* End PBXSourcesBuildPhase section */

/* Begin PBXVariantGroup section */
		CBF6701723A4DC9F00B0F2A2 /* Main.storyboard */ = {
			isa = PBXVariantGroup;
			children = (
				CBF6701823A4DC9F00B0F2A2 /* Base */,
			);
			name = Main.storyboard;
			sourceTree = "<group>";
		};
		CBF6701C23A4DCA800B0F2A2 /* LaunchScreen.storyboard */ = {
			isa = PBXVariantGroup;
			children = (
				CBF6701D23A4DCA800B0F2A2 /* Base */,
			);
			name = LaunchScreen.storyboard;
			sourceTree = "<group>";
		};
/* End PBXVariantGroup section */

/* Begin XCBuildConfiguration section */
		CBF6703623A4DCA900B0F2A2 /* Debug */ = {
			isa = XCBuildConfiguration;
			buildSettings = {
				ALWAYS_SEARCH_USER_PATHS = NO;
				CLANG_ANALYZER_NONNULL = YES;
				CLANG_ANALYZER_NUMBER_OBJECT_CONVERSION = YES_AGGRESSIVE;
				CLANG_CXX_LANGUAGE_STANDARD = "gnu++14";
				CLANG_CXX_LIBRARY = "libc++";
				CLANG_ENABLE_MODULES = YES;
				CLANG_ENABLE_OBJC_ARC = YES;
				CLANG_ENABLE_OBJC_WEAK = YES;
				CLANG_WARN_BLOCK_CAPTURE_AUTORELEASING = YES;
				CLANG_WARN_BOOL_CONVERSION = YES;
				CLANG_WARN_COMMA = YES;
				CLANG_WARN_CONSTANT_CONVERSION = YES;
				CLANG_WARN_DEPRECATED_OBJC_IMPLEMENTATIONS = YES;
				CLANG_WARN_DIRECT_OBJC_ISA_USAGE = YES_ERROR;
				CLANG_WARN_DOCUMENTATION_COMMENTS = YES;
				CLANG_WARN_EMPTY_BODY = YES;
				CLANG_WARN_ENUM_CONVERSION = YES;
				CLANG_WARN_INFINITE_RECURSION = YES;
				CLANG_WARN_INT_CONVERSION = YES;
				CLANG_WARN_NON_LITERAL_NULL_CONVERSION = YES;
				CLANG_WARN_OBJC_IMPLICIT_RETAIN_SELF = YES;
				CLANG_WARN_OBJC_LITERAL_CONVERSION = YES;
				CLANG_WARN_OBJC_ROOT_CLASS = YES_ERROR;
				CLANG_WARN_QUOTED_INCLUDE_IN_FRAMEWORK_HEADER = YES;
				CLANG_WARN_RANGE_LOOP_ANALYSIS = YES;
				CLANG_WARN_STRICT_PROTOTYPES = YES;
				CLANG_WARN_SUSPICIOUS_MOVE = YES;
				CLANG_WARN_UNGUARDED_AVAILABILITY = YES_AGGRESSIVE;
				CLANG_WARN_UNREACHABLE_CODE = YES;
				CLANG_WARN__DUPLICATE_METHOD_MATCH = YES;
				COPY_PHASE_STRIP = NO;
				DEBUG_INFORMATION_FORMAT = dwarf;
				ENABLE_STRICT_OBJC_MSGSEND = YES;
				ENABLE_TESTABILITY = YES;
				GCC_C_LANGUAGE_STANDARD = gnu11;
				GCC_DYNAMIC_NO_PIC = NO;
				GCC_NO_COMMON_BLOCKS = YES;
				GCC_OPTIMIZATION_LEVEL = 0;
				GCC_PREPROCESSOR_DEFINITIONS = (
					"DEBUG=1",
					"$(inherited)",
				);
				GCC_WARN_64_TO_32_BIT_CONVERSION = YES;
				GCC_WARN_ABOUT_RETURN_TYPE = YES_ERROR;
				GCC_WARN_UNDECLARED_SELECTOR = YES;
				GCC_WARN_UNINITIALIZED_AUTOS = YES_AGGRESSIVE;
				GCC_WARN_UNUSED_FUNCTION = YES;
				GCC_WARN_UNUSED_VARIABLE = YES;
				IPHONEOS_DEPLOYMENT_TARGET = 16.0;
				MTL_ENABLE_DEBUG_INFO = INCLUDE_SOURCE;
				MTL_FAST_MATH = YES;
				ONLY_ACTIVE_ARCH = YES;
				SDKROOT = iphoneos;
				SWIFT_ACTIVE_COMPILATION_CONDITIONS = DEBUG;
				SWIFT_OPTIMIZATION_LEVEL = "-Onone";
			};
			name = Debug;
		};
		CBF6703723A4DCA900B0F2A2 /* Release */ = {
			isa = XCBuildConfiguration;
			buildSettings = {
				ALWAYS_SEARCH_USER_PATHS = NO;
				CLANG_ANALYZER_NONNULL = YES;
				CLANG_ANALYZER_NUMBER_OBJECT_CONVERSION = YES_AGGRESSIVE;
				CLANG_CXX_LANGUAGE_STANDARD = "gnu++14";
				CLANG_CXX_LIBRARY = "libc++";
				CLANG_ENABLE_MODULES = YES;
				CLANG_ENABLE_OBJC_ARC = YES;
				CLANG_ENABLE_OBJC_WEAK = YES;
				CLANG_WARN_BLOCK_CAPTURE_AUTORELEASING = YES;
				CLANG_WARN_BOOL_CONVERSION = YES;
				CLANG_WARN_COMMA = YES;
				CLANG_WARN_CONSTANT_CONVERSION = YES;
				CLANG_WARN_DEPRECATED_OBJC_IMPLEMENTATIONS = YES;
				CLANG_WARN_DIRECT_OBJC_ISA_USAGE = YES_ERROR;
				CLANG_WARN_DOCUMENTATION_COMMENTS = YES;
				CLANG_WARN_EMPTY_BODY = YES;
				CLANG_WARN_ENUM_CONVERSION = YES;
				CLANG_WARN_INFINITE_RECURSION = YES;
				CLANG_WARN_INT_CONVERSION = YES;
				CLANG_WARN_NON_LITERAL_NULL_CONVERSION = YES;
				CLANG_WARN_OBJC_IMPLICIT_RETAIN_SELF = YES;
				CLANG_WARN_OBJC_LITERAL_CONVERSION = YES;
				CLANG_WARN_OBJC_ROOT_CLASS = YES_ERROR;
				CLANG_WARN_QUOTED_INCLUDE_IN_FRAMEWORK_HEADER = YES;
				CLANG_WARN_RANGE_LOOP_ANALYSIS = YES;
				CLANG_WARN_STRICT_PROTOTYPES = YES;
				CLANG_WARN_SUSPICIOUS_MOVE = YES;
				CLANG_WARN_UNGUARDED_AVAILABILITY = YES_AGGRESSIVE;
				CLANG_WARN_UNREACHABLE_CODE = YES;
				CLANG_WARN__DUPLICATE_METHOD_MATCH = YES;
				COPY_PHASE_STRIP = NO;
				DEBUG_INFORMATION_FORMAT = "dwarf-with-dsym";
				ENABLE_NS_ASSERTIONS = NO;
				ENABLE_STRICT_OBJC_MSGSEND = YES;
				GCC_C_LANGUAGE_STANDARD = gnu11;
				GCC_NO_COMMON_BLOCKS = YES;
				GCC_WARN_64_TO_32_BIT_CONVERSION = YES;
				GCC_WARN_ABOUT_RETURN_TYPE = YES_ERROR;
				GCC_WARN_UNDECLARED_SELECTOR = YES;
				GCC_WARN_UNINITIALIZED_AUTOS = YES_AGGRESSIVE;
				GCC_WARN_UNUSED_FUNCTION = YES;
				GCC_WARN_UNUSED_VARIABLE = YES;
				IPHONEOS_DEPLOYMENT_TARGET = 16.0;
				MTL_ENABLE_DEBUG_INFO = NO;
				MTL_FAST_MATH = YES;
				SDKROOT = iphoneos;
				SWIFT_COMPILATION_MODE = wholemodule;
				SWIFT_OPTIMIZATION_LEVEL = "-O";
				VALIDATE_PRODUCT = YES;
			};
			name = Release;
		};
		CBF6703923A4DCA900B0F2A2 /* Debug */ = {
			isa = XCBuildConfiguration;
			buildSettings = {
				ASSETCATALOG_COMPILER_APPICON_NAME = AppIcon;
				CODE_SIGN_STYLE = Automatic;
				DEVELOPMENT_TEAM = 357SCH38Y3;
				INFOPLIST_FILE = FloProno1.0/Info.plist;
				LD_RUNPATH_SEARCH_PATHS = (
					"$(inherited)",
					"@executable_path/Frameworks",
				);
				PRODUCT_BUNDLE_IDENTIFIER = "com.PeyronyFlorian.FloProno1-0";
				PRODUCT_NAME = "$(TARGET_NAME)";
				SWIFT_VERSION = 5.0;
				TARGETED_DEVICE_FAMILY = "1,2";
			};
			name = Debug;
		};
		CBF6703A23A4DCA900B0F2A2 /* Release */ = {
			isa = XCBuildConfiguration;
			buildSettings = {
				ASSETCATALOG_COMPILER_APPICON_NAME = AppIcon;
				CODE_SIGN_STYLE = Automatic;
				DEVELOPMENT_TEAM = 357SCH38Y3;
				INFOPLIST_FILE = FloProno1.0/Info.plist;
				LD_RUNPATH_SEARCH_PATHS = (
					"$(inherited)",
					"@executable_path/Frameworks",
				);
				PRODUCT_BUNDLE_IDENTIFIER = "com.PeyronyFlorian.FloProno1-0";
				PRODUCT_NAME = "$(TARGET_NAME)";
				SWIFT_VERSION = 5.0;
				TARGETED_DEVICE_FAMILY = "1,2";
			};
			name = Release;
		};
/* End XCBuildConfiguration section */

/* Begin XCConfigurationList section */
		CBF6700923A4DC9F00B0F2A2 /* Build configuration list for PBXProject "FloProno1.0" */ = {
			isa = XCConfigurationList;
			buildConfigurations = (
				CBF6703623A4DCA900B0F2A2 /* Debug */,
				CBF6703723A4DCA900B0F2A2 /* Release */,
			);
			defaultConfigurationIsVisible = 0;
			defaultConfigurationName = Release;
		};
		CBF6703823A4DCA900B0F2A2 /* Build configuration list for PBXNativeTarget "FloProno1.0" */ = {
			isa = XCConfigurationList;
			buildConfigurations = (
				CBF6703923A4DCA900B0F2A2 /* Debug */,
				CBF6703A23A4DCA900B0F2A2 /* Release */,
			);
			defaultConfigurationIsVisible = 0;
			defaultConfigurationName = Release;
		};
/* End XCConfigurationList section */

/* Begin XCRemoteSwiftPackageReference section */
		A6F596FA28DC79D600BAE20E /* XCRemoteSwiftPackageReference "firebase-ios-sdk" */ = {
			isa = XCRemoteSwiftPackageReference;
			repositoryURL = "https://github.com/firebase/firebase-ios-sdk.git";
			requirement = {
				kind = upToNextMajorVersion;
				minimumVersion = 9.6.0;
			};
		};
/* End XCRemoteSwiftPackageReference section */

/* Begin XCSwiftPackageProductDependency section */
		A6F596FB28DC79D600BAE20E /* FirebaseAppDistribution-Beta */ = {
			isa = XCSwiftPackageProductDependency;
			package = A6F596FA28DC79D600BAE20E /* XCRemoteSwiftPackageReference "firebase-ios-sdk" */;
			productName = "FirebaseAppDistribution-Beta";
		};
		A6F596FD28DC79D600BAE20E /* FirebaseInAppMessaging-Beta */ = {
			isa = XCSwiftPackageProductDependency;
			package = A6F596FA28DC79D600BAE20E /* XCRemoteSwiftPackageReference "firebase-ios-sdk" */;
			productName = "FirebaseInAppMessaging-Beta";
		};
		A6F596FF28DC79D600BAE20E /* FirebaseAnalyticsWithoutAdIdSupport */ = {
			isa = XCSwiftPackageProductDependency;
			package = A6F596FA28DC79D600BAE20E /* XCRemoteSwiftPackageReference "firebase-ios-sdk" */;
			productName = FirebaseAnalyticsWithoutAdIdSupport;
		};
		A6F5970128DC79D600BAE20E /* FirebaseRemoteConfigSwift */ = {
			isa = XCSwiftPackageProductDependency;
			package = A6F596FA28DC79D600BAE20E /* XCRemoteSwiftPackageReference "firebase-ios-sdk" */;
			productName = FirebaseRemoteConfigSwift;
		};
		A6F5970328DC79D600BAE20E /* FirebaseAnalyticsSwift */ = {
			isa = XCSwiftPackageProductDependency;
			package = A6F596FA28DC79D600BAE20E /* XCRemoteSwiftPackageReference "firebase-ios-sdk" */;
			productName = FirebaseAnalyticsSwift;
		};
		A6F5970528DC79D600BAE20E /* FirebaseFirestore */ = {
			isa = XCSwiftPackageProductDependency;
			package = A6F596FA28DC79D600BAE20E /* XCRemoteSwiftPackageReference "firebase-ios-sdk" */;
			productName = FirebaseFirestore;
		};
		A6F5970728DC79D600BAE20E /* FirebaseAuthCombine-Community */ = {
			isa = XCSwiftPackageProductDependency;
			package = A6F596FA28DC79D600BAE20E /* XCRemoteSwiftPackageReference "firebase-ios-sdk" */;
			productName = "FirebaseAuthCombine-Community";
		};
		A6F5970928DC79D600BAE20E /* FirebaseInstallations */ = {
			isa = XCSwiftPackageProductDependency;
			package = A6F596FA28DC79D600BAE20E /* XCRemoteSwiftPackageReference "firebase-ios-sdk" */;
			productName = FirebaseInstallations;
		};
		A6F5970B28DC79D600BAE20E /* FirebaseDatabaseSwift */ = {
			isa = XCSwiftPackageProductDependency;
			package = A6F596FA28DC79D600BAE20E /* XCRemoteSwiftPackageReference "firebase-ios-sdk" */;
			productName = FirebaseDatabaseSwift;
		};
		A6F5970D28DC79D600BAE20E /* FirebaseAnalyticsOnDeviceConversion */ = {
			isa = XCSwiftPackageProductDependency;
			package = A6F596FA28DC79D600BAE20E /* XCRemoteSwiftPackageReference "firebase-ios-sdk" */;
			productName = FirebaseAnalyticsOnDeviceConversion;
		};
		A6F5970F28DC79D600BAE20E /* FirebaseFunctionsCombine-Community */ = {
			isa = XCSwiftPackageProductDependency;
			package = A6F596FA28DC79D600BAE20E /* XCRemoteSwiftPackageReference "firebase-ios-sdk" */;
			productName = "FirebaseFunctionsCombine-Community";
		};
		A6F5971128DC79D600BAE20E /* FirebaseDatabase */ = {
			isa = XCSwiftPackageProductDependency;
			package = A6F596FA28DC79D600BAE20E /* XCRemoteSwiftPackageReference "firebase-ios-sdk" */;
			productName = FirebaseDatabase;
		};
		A6F5971528DC79D600BAE20E /* FirebasePerformance */ = {
			isa = XCSwiftPackageProductDependency;
			package = A6F596FA28DC79D600BAE20E /* XCRemoteSwiftPackageReference "firebase-ios-sdk" */;
			productName = FirebasePerformance;
		};
		A6F5971728DC79D600BAE20E /* FirebaseRemoteConfig */ = {
			isa = XCSwiftPackageProductDependency;
			package = A6F596FA28DC79D600BAE20E /* XCRemoteSwiftPackageReference "firebase-ios-sdk" */;
			productName = FirebaseRemoteConfig;
		};
		A6F5971928DC79D600BAE20E /* FirebaseAppCheck */ = {
			isa = XCSwiftPackageProductDependency;
			package = A6F596FA28DC79D600BAE20E /* XCRemoteSwiftPackageReference "firebase-ios-sdk" */;
			productName = FirebaseAppCheck;
		};
		A6F5971B28DC79D600BAE20E /* FirebaseFirestoreSwift */ = {
			isa = XCSwiftPackageProductDependency;
			package = A6F596FA28DC79D600BAE20E /* XCRemoteSwiftPackageReference "firebase-ios-sdk" */;
			productName = FirebaseFirestoreSwift;
		};
		A6F5971D28DC79D600BAE20E /* FirebaseAuth */ = {
			isa = XCSwiftPackageProductDependency;
			package = A6F596FA28DC79D600BAE20E /* XCRemoteSwiftPackageReference "firebase-ios-sdk" */;
			productName = FirebaseAuth;
		};
		A6F5971F28DC79D600BAE20E /* FirebaseInAppMessagingSwift-Beta */ = {
			isa = XCSwiftPackageProductDependency;
			package = A6F596FA28DC79D600BAE20E /* XCRemoteSwiftPackageReference "firebase-ios-sdk" */;
			productName = "FirebaseInAppMessagingSwift-Beta";
		};
		A6F5972128DC79D600BAE20E /* FirebaseStorageCombine-Community */ = {
			isa = XCSwiftPackageProductDependency;
			package = A6F596FA28DC79D600BAE20E /* XCRemoteSwiftPackageReference "firebase-ios-sdk" */;
			productName = "FirebaseStorageCombine-Community";
		};
		A6F5972328DC79D600BAE20E /* FirebaseMLModelDownloader */ = {
			isa = XCSwiftPackageProductDependency;
			package = A6F596FA28DC79D600BAE20E /* XCRemoteSwiftPackageReference "firebase-ios-sdk" */;
			productName = FirebaseMLModelDownloader;
		};
		A6F5972528DC79D600BAE20E /* FirebaseCrashlytics */ = {
			isa = XCSwiftPackageProductDependency;
			package = A6F596FA28DC79D600BAE20E /* XCRemoteSwiftPackageReference "firebase-ios-sdk" */;
			productName = FirebaseCrashlytics;
		};
		A6F5972728DC79D600BAE20E /* FirebaseMessaging */ = {
			isa = XCSwiftPackageProductDependency;
			package = A6F596FA28DC79D600BAE20E /* XCRemoteSwiftPackageReference "firebase-ios-sdk" */;
			productName = FirebaseMessaging;
		};
		A6F5972928DC79D600BAE20E /* FirebaseStorage */ = {
			isa = XCSwiftPackageProductDependency;
			package = A6F596FA28DC79D600BAE20E /* XCRemoteSwiftPackageReference "firebase-ios-sdk" */;
			productName = FirebaseStorage;
		};
		A6F5972B28DC79D600BAE20E /* FirebaseDynamicLinks */ = {
			isa = XCSwiftPackageProductDependency;
			package = A6F596FA28DC79D600BAE20E /* XCRemoteSwiftPackageReference "firebase-ios-sdk" */;
			productName = FirebaseDynamicLinks;
		};
		A6F5972D28DC79D600BAE20E /* FirebaseFunctions */ = {
			isa = XCSwiftPackageProductDependency;
			package = A6F596FA28DC79D600BAE20E /* XCRemoteSwiftPackageReference "firebase-ios-sdk" */;
			productName = FirebaseFunctions;
		};
		A6F5972F28DC79D600BAE20E /* FirebaseFirestoreCombine-Community */ = {
			isa = XCSwiftPackageProductDependency;
			package = A6F596FA28DC79D600BAE20E /* XCRemoteSwiftPackageReference "firebase-ios-sdk" */;
			productName = "FirebaseFirestoreCombine-Community";
		};
/* End XCSwiftPackageProductDependency section */
	};
	rootObject = CBF6700623A4DC9F00B0F2A2 /* Project object */;
}
